// !$*UTF8*$!
{
	archiveVersion = 1;
	classes = {
	};
	objectVersion = 48;
	objects = {

/* Begin PBXBuildFile section */
		A34613572071B81A00C3EE1C /* GridCollectionViewController.swift in Sources */ = {isa = PBXBuildFile; fileRef = A34613562071B81A00C3EE1C /* GridCollectionViewController.swift */; };
		A36C80E120725A0E00AC478A /* Grid.swift in Sources */ = {isa = PBXBuildFile; fileRef = A36C80E020725A0E00AC478A /* Grid.swift */; };
		A36C80E320725A5000AC478A /* Cell.swift in Sources */ = {isa = PBXBuildFile; fileRef = A36C80E220725A5000AC478A /* Cell.swift */; };
		A36C80E520725A9F00AC478A /* Multiplier.swift in Sources */ = {isa = PBXBuildFile; fileRef = A36C80E420725A9F00AC478A /* Multiplier.swift */; };
		A36C80E720725B3300AC478A /* Tile.swift in Sources */ = {isa = PBXBuildFile; fileRef = A36C80E620725B3300AC478A /* Tile.swift */; };
		A3B9B39720754BFB00F59B4E /* ScrabbleCell.swift in Sources */ = {isa = PBXBuildFile; fileRef = A3B9B39620754BFB00F59B4E /* ScrabbleCell.swift */; };
		A3BCECD6207017AA00C28E6C /* AppDelegate.swift in Sources */ = {isa = PBXBuildFile; fileRef = A3BCECD5207017AA00C28E6C /* AppDelegate.swift */; };
		A3BCECDA207017AA00C28E6C /* SecondViewController.swift in Sources */ = {isa = PBXBuildFile; fileRef = A3BCECD9207017AA00C28E6C /* SecondViewController.swift */; };
		A3BCECDD207017AA00C28E6C /* Main.storyboard in Resources */ = {isa = PBXBuildFile; fileRef = A3BCECDB207017AA00C28E6C /* Main.storyboard */; };
		A3BCECDF207017AA00C28E6C /* Assets.xcassets in Resources */ = {isa = PBXBuildFile; fileRef = A3BCECDE207017AA00C28E6C /* Assets.xcassets */; };
		A3BCECE2207017AA00C28E6C /* LaunchScreen.storyboard in Resources */ = {isa = PBXBuildFile; fileRef = A3BCECE0207017AA00C28E6C /* LaunchScreen.storyboard */; };
		A3BCECED207017AA00C28E6C /* WordScribbleTests.swift in Sources */ = {isa = PBXBuildFile; fileRef = A3BCECEC207017AA00C28E6C /* WordScribbleTests.swift */; };
		A3BCECF8207017AA00C28E6C /* WordScribbleUITests.swift in Sources */ = {isa = PBXBuildFile; fileRef = A3BCECF7207017AA00C28E6C /* WordScribbleUITests.swift */; };
/* End PBXBuildFile section */

/* Begin PBXContainerItemProxy section */
		A3BCECE9207017AA00C28E6C /* PBXContainerItemProxy */ = {
			isa = PBXContainerItemProxy;
			containerPortal = A3BCECCA207017AA00C28E6C /* Project object */;
			proxyType = 1;
			remoteGlobalIDString = A3BCECD1207017AA00C28E6C;
			remoteInfo = WordScribble;
		};
		A3BCECF4207017AA00C28E6C /* PBXContainerItemProxy */ = {
			isa = PBXContainerItemProxy;
			containerPortal = A3BCECCA207017AA00C28E6C /* Project object */;
			proxyType = 1;
			remoteGlobalIDString = A3BCECD1207017AA00C28E6C;
			remoteInfo = WordScribble;
		};
/* End PBXContainerItemProxy section */

/* Begin PBXFileReference section */
		A34613562071B81A00C3EE1C /* GridCollectionViewController.swift */ = {isa = PBXFileReference; lastKnownFileType = sourcecode.swift; path = GridCollectionViewController.swift; sourceTree = "<group>"; };
		A36C80E020725A0E00AC478A /* Grid.swift */ = {isa = PBXFileReference; lastKnownFileType = sourcecode.swift; path = Grid.swift; sourceTree = "<group>"; };
		A36C80E220725A5000AC478A /* Cell.swift */ = {isa = PBXFileReference; lastKnownFileType = sourcecode.swift; path = Cell.swift; sourceTree = "<group>"; };
		A36C80E420725A9F00AC478A /* Multiplier.swift */ = {isa = PBXFileReference; lastKnownFileType = sourcecode.swift; path = Multiplier.swift; sourceTree = "<group>"; };
		A36C80E620725B3300AC478A /* Tile.swift */ = {isa = PBXFileReference; lastKnownFileType = sourcecode.swift; path = Tile.swift; sourceTree = "<group>"; };
		A3B9B39620754BFB00F59B4E /* ScrabbleCell.swift */ = {isa = PBXFileReference; lastKnownFileType = sourcecode.swift; path = ScrabbleCell.swift; sourceTree = "<group>"; };
		A3BCECD2207017AA00C28E6C /* WordScribble.app */ = {isa = PBXFileReference; explicitFileType = wrapper.application; includeInIndex = 0; path = WordScribble.app; sourceTree = BUILT_PRODUCTS_DIR; };
		A3BCECD5207017AA00C28E6C /* AppDelegate.swift */ = {isa = PBXFileReference; lastKnownFileType = sourcecode.swift; path = AppDelegate.swift; sourceTree = "<group>"; };
		A3BCECD9207017AA00C28E6C /* SecondViewController.swift */ = {isa = PBXFileReference; lastKnownFileType = sourcecode.swift; path = SecondViewController.swift; sourceTree = "<group>"; };
		A3BCECDC207017AA00C28E6C /* Base */ = {isa = PBXFileReference; lastKnownFileType = file.storyboard; name = Base; path = Base.lproj/Main.storyboard; sourceTree = "<group>"; };
		A3BCECDE207017AA00C28E6C /* Assets.xcassets */ = {isa = PBXFileReference; lastKnownFileType = folder.assetcatalog; path = Assets.xcassets; sourceTree = "<group>"; };
		A3BCECE1207017AA00C28E6C /* Base */ = {isa = PBXFileReference; lastKnownFileType = file.storyboard; name = Base; path = Base.lproj/LaunchScreen.storyboard; sourceTree = "<group>"; };
		A3BCECE3207017AA00C28E6C /* Info.plist */ = {isa = PBXFileReference; lastKnownFileType = text.plist.xml; path = Info.plist; sourceTree = "<group>"; };
		A3BCECE8207017AA00C28E6C /* WordScribbleTests.xctest */ = {isa = PBXFileReference; explicitFileType = wrapper.cfbundle; includeInIndex = 0; path = WordScribbleTests.xctest; sourceTree = BUILT_PRODUCTS_DIR; };
		A3BCECEC207017AA00C28E6C /* WordScribbleTests.swift */ = {isa = PBXFileReference; lastKnownFileType = sourcecode.swift; path = WordScribbleTests.swift; sourceTree = "<group>"; };
		A3BCECEE207017AA00C28E6C /* Info.plist */ = {isa = PBXFileReference; lastKnownFileType = text.plist.xml; path = Info.plist; sourceTree = "<group>"; };
		A3BCECF3207017AA00C28E6C /* WordScribbleUITests.xctest */ = {isa = PBXFileReference; explicitFileType = wrapper.cfbundle; includeInIndex = 0; path = WordScribbleUITests.xctest; sourceTree = BUILT_PRODUCTS_DIR; };
		A3BCECF7207017AA00C28E6C /* WordScribbleUITests.swift */ = {isa = PBXFileReference; lastKnownFileType = sourcecode.swift; path = WordScribbleUITests.swift; sourceTree = "<group>"; };
		A3BCECF9207017AA00C28E6C /* Info.plist */ = {isa = PBXFileReference; lastKnownFileType = text.plist.xml; path = Info.plist; sourceTree = "<group>"; };
/* End PBXFileReference section */

/* Begin PBXFrameworksBuildPhase section */
		A3BCECCF207017AA00C28E6C /* Frameworks */ = {
			isa = PBXFrameworksBuildPhase;
			buildActionMask = 2147483647;
			files = (
			);
			runOnlyForDeploymentPostprocessing = 0;
		};
		A3BCECE5207017AA00C28E6C /* Frameworks */ = {
			isa = PBXFrameworksBuildPhase;
			buildActionMask = 2147483647;
			files = (
			);
			runOnlyForDeploymentPostprocessing = 0;
		};
		A3BCECF0207017AA00C28E6C /* Frameworks */ = {
			isa = PBXFrameworksBuildPhase;
			buildActionMask = 2147483647;
			files = (
			);
			runOnlyForDeploymentPostprocessing = 0;
		};
/* End PBXFrameworksBuildPhase section */

/* Begin PBXGroup section */
		A34613582071BF3400C3EE1C /* Controllers */ = {
			isa = PBXGroup;
			children = (
				A34613562071B81A00C3EE1C /* GridCollectionViewController.swift */,
				A3BCECD9207017AA00C28E6C /* SecondViewController.swift */,
			);
			path = Controllers;
			sourceTree = "<group>";
		};
		A34613592071BF4B00C3EE1C /* Models */ = {
			isa = PBXGroup;
			children = (
				A36C80E020725A0E00AC478A /* Grid.swift */,
				A36C80E220725A5000AC478A /* Cell.swift */,
				A36C80E420725A9F00AC478A /* Multiplier.swift */,
				A36C80E620725B3300AC478A /* Tile.swift */,
			);
			path = Models;
			sourceTree = "<group>";
		};
		A3B9B39520754BE700F59B4E /* Views */ = {
			isa = PBXGroup;
			children = (
				A3B9B39620754BFB00F59B4E /* ScrabbleCell.swift */,
			);
			path = Views;
			sourceTree = "<group>";
		};
		A3BCECC9207017AA00C28E6C = {
			isa = PBXGroup;
			children = (
				A3BCECD4207017AA00C28E6C /* WordScribble */,
				A3BCECEB207017AA00C28E6C /* WordScribbleTests */,
				A3BCECF6207017AA00C28E6C /* WordScribbleUITests */,
				A3BCECD3207017AA00C28E6C /* Products */,
			);
			sourceTree = "<group>";
		};
		A3BCECD3207017AA00C28E6C /* Products */ = {
			isa = PBXGroup;
			children = (
				A3BCECD2207017AA00C28E6C /* WordScribble.app */,
				A3BCECE8207017AA00C28E6C /* WordScribbleTests.xctest */,
				A3BCECF3207017AA00C28E6C /* WordScribbleUITests.xctest */,
			);
			name = Products;
			sourceTree = "<group>";
		};
		A3BCECD4207017AA00C28E6C /* WordScribble */ = {
			isa = PBXGroup;
			children = (
				A3B9B39520754BE700F59B4E /* Views */,
				A34613592071BF4B00C3EE1C /* Models */,
				A34613582071BF3400C3EE1C /* Controllers */,
				A3BCECD5207017AA00C28E6C /* AppDelegate.swift */,
				A3BCECDB207017AA00C28E6C /* Main.storyboard */,
				A3BCECDE207017AA00C28E6C /* Assets.xcassets */,
				A3BCECE0207017AA00C28E6C /* LaunchScreen.storyboard */,
				A3BCECE3207017AA00C28E6C /* Info.plist */,
			);
			path = WordScribble;
			sourceTree = "<group>";
		};
		A3BCECEB207017AA00C28E6C /* WordScribbleTests */ = {
			isa = PBXGroup;
			children = (
				A3BCECEC207017AA00C28E6C /* WordScribbleTests.swift */,
				A3BCECEE207017AA00C28E6C /* Info.plist */,
			);
			path = WordScribbleTests;
			sourceTree = "<group>";
		};
		A3BCECF6207017AA00C28E6C /* WordScribbleUITests */ = {
			isa = PBXGroup;
			children = (
				A3BCECF7207017AA00C28E6C /* WordScribbleUITests.swift */,
				A3BCECF9207017AA00C28E6C /* Info.plist */,
			);
			path = WordScribbleUITests;
			sourceTree = "<group>";
		};
/* End PBXGroup section */

/* Begin PBXNativeTarget section */
		A3BCECD1207017AA00C28E6C /* WordScribble */ = {
			isa = PBXNativeTarget;
			buildConfigurationList = A3BCECFC207017AA00C28E6C /* Build configuration list for PBXNativeTarget "WordScribble" */;
			buildPhases = (
				A3BCECCE207017AA00C28E6C /* Sources */,
				A3BCECCF207017AA00C28E6C /* Frameworks */,
				A3BCECD0207017AA00C28E6C /* Resources */,
			);
			buildRules = (
			);
			dependencies = (
			);
			name = WordScribble;
			productName = WordScribble;
			productReference = A3BCECD2207017AA00C28E6C /* WordScribble.app */;
			productType = "com.apple.product-type.application";
		};
		A3BCECE7207017AA00C28E6C /* WordScribbleTests */ = {
			isa = PBXNativeTarget;
			buildConfigurationList = A3BCECFF207017AA00C28E6C /* Build configuration list for PBXNativeTarget "WordScribbleTests" */;
			buildPhases = (
				A3BCECE4207017AA00C28E6C /* Sources */,
				A3BCECE5207017AA00C28E6C /* Frameworks */,
				A3BCECE6207017AA00C28E6C /* Resources */,
			);
			buildRules = (
			);
			dependencies = (
				A3BCECEA207017AA00C28E6C /* PBXTargetDependency */,
			);
			name = WordScribbleTests;
			productName = WordScribbleTests;
			productReference = A3BCECE8207017AA00C28E6C /* WordScribbleTests.xctest */;
			productType = "com.apple.product-type.bundle.unit-test";
		};
		A3BCECF2207017AA00C28E6C /* WordScribbleUITests */ = {
			isa = PBXNativeTarget;
			buildConfigurationList = A3BCED02207017AA00C28E6C /* Build configuration list for PBXNativeTarget "WordScribbleUITests" */;
			buildPhases = (
				A3BCECEF207017AA00C28E6C /* Sources */,
				A3BCECF0207017AA00C28E6C /* Frameworks */,
				A3BCECF1207017AA00C28E6C /* Resources */,
			);
			buildRules = (
			);
			dependencies = (
				A3BCECF5207017AA00C28E6C /* PBXTargetDependency */,
			);
			name = WordScribbleUITests;
			productName = WordScribbleUITests;
			productReference = A3BCECF3207017AA00C28E6C /* WordScribbleUITests.xctest */;
			productType = "com.apple.product-type.bundle.ui-testing";
		};
/* End PBXNativeTarget section */

/* Begin PBXProject section */
		A3BCECCA207017AA00C28E6C /* Project object */ = {
			isa = PBXProject;
			attributes = {
				LastSwiftUpdateCheck = 0920;
				LastUpgradeCheck = 0920;
				ORGANIZATIONNAME = "Kayser, Zack (NonEmp)";
				TargetAttributes = {
					A3BCECD1207017AA00C28E6C = {
						CreatedOnToolsVersion = 9.2;
						LastSwiftMigration = 0930;
						ProvisioningStyle = Automatic;
					};
					A3BCECE7207017AA00C28E6C = {
						CreatedOnToolsVersion = 9.2;
						ProvisioningStyle = Automatic;
						TestTargetID = A3BCECD1207017AA00C28E6C;
					};
					A3BCECF2207017AA00C28E6C = {
						CreatedOnToolsVersion = 9.2;
						ProvisioningStyle = Automatic;
						TestTargetID = A3BCECD1207017AA00C28E6C;
					};
				};
			};
			buildConfigurationList = A3BCECCD207017AA00C28E6C /* Build configuration list for PBXProject "WordScribble" */;
			compatibilityVersion = "Xcode 8.0";
			developmentRegion = en;
			hasScannedForEncodings = 0;
			knownRegions = (
				en,
				Base,
			);
			mainGroup = A3BCECC9207017AA00C28E6C;
			productRefGroup = A3BCECD3207017AA00C28E6C /* Products */;
			projectDirPath = "";
			projectRoot = "";
			targets = (
				A3BCECD1207017AA00C28E6C /* WordScribble */,
				A3BCECE7207017AA00C28E6C /* WordScribbleTests */,
				A3BCECF2207017AA00C28E6C /* WordScribbleUITests */,
			);
		};
/* End PBXProject section */

/* Begin PBXResourcesBuildPhase section */
		A3BCECD0207017AA00C28E6C /* Resources */ = {
			isa = PBXResourcesBuildPhase;
			buildActionMask = 2147483647;
			files = (
				A3BCECE2207017AA00C28E6C /* LaunchScreen.storyboard in Resources */,
				A3BCECDF207017AA00C28E6C /* Assets.xcassets in Resources */,
				A3BCECDD207017AA00C28E6C /* Main.storyboard in Resources */,
			);
			runOnlyForDeploymentPostprocessing = 0;
		};
		A3BCECE6207017AA00C28E6C /* Resources */ = {
			isa = PBXResourcesBuildPhase;
			buildActionMask = 2147483647;
			files = (
			);
			runOnlyForDeploymentPostprocessing = 0;
		};
		A3BCECF1207017AA00C28E6C /* Resources */ = {
			isa = PBXResourcesBuildPhase;
			buildActionMask = 2147483647;
			files = (
			);
			runOnlyForDeploymentPostprocessing = 0;
		};
/* End PBXResourcesBuildPhase section */

/* Begin PBXSourcesBuildPhase section */
		A3BCECCE207017AA00C28E6C /* Sources */ = {
			isa = PBXSourcesBuildPhase;
			buildActionMask = 2147483647;
			files = (
				A3BCECDA207017AA00C28E6C /* SecondViewController.swift in Sources */,
				A36C80E520725A9F00AC478A /* Multiplier.swift in Sources */,
				A36C80E120725A0E00AC478A /* Grid.swift in Sources */,
				A36C80E720725B3300AC478A /* Tile.swift in Sources */,
				A36C80E320725A5000AC478A /* Cell.swift in Sources */,
				A3BCECD6207017AA00C28E6C /* AppDelegate.swift in Sources */,
				A3B9B39720754BFB00F59B4E /* ScrabbleCell.swift in Sources */,
				A34613572071B81A00C3EE1C /* GridCollectionViewController.swift in Sources */,
			);
			runOnlyForDeploymentPostprocessing = 0;
		};
		A3BCECE4207017AA00C28E6C /* Sources */ = {
			isa = PBXSourcesBuildPhase;
			buildActionMask = 2147483647;
			files = (
				A3BCECED207017AA00C28E6C /* WordScribbleTests.swift in Sources */,
			);
			runOnlyForDeploymentPostprocessing = 0;
		};
		A3BCECEF207017AA00C28E6C /* Sources */ = {
			isa = PBXSourcesBuildPhase;
			buildActionMask = 2147483647;
			files = (
				A3BCECF8207017AA00C28E6C /* WordScribbleUITests.swift in Sources */,
			);
			runOnlyForDeploymentPostprocessing = 0;
		};
/* End PBXSourcesBuildPhase section */

/* Begin PBXTargetDependency section */
		A3BCECEA207017AA00C28E6C /* PBXTargetDependency */ = {
			isa = PBXTargetDependency;
			target = A3BCECD1207017AA00C28E6C /* WordScribble */;
			targetProxy = A3BCECE9207017AA00C28E6C /* PBXContainerItemProxy */;
		};
		A3BCECF5207017AA00C28E6C /* PBXTargetDependency */ = {
			isa = PBXTargetDependency;
			target = A3BCECD1207017AA00C28E6C /* WordScribble */;
			targetProxy = A3BCECF4207017AA00C28E6C /* PBXContainerItemProxy */;
		};
/* End PBXTargetDependency section */

/* Begin PBXVariantGroup section */
		A3BCECDB207017AA00C28E6C /* Main.storyboard */ = {
			isa = PBXVariantGroup;
			children = (
				A3BCECDC207017AA00C28E6C /* Base */,
			);
			name = Main.storyboard;
			sourceTree = "<group>";
		};
		A3BCECE0207017AA00C28E6C /* LaunchScreen.storyboard */ = {
			isa = PBXVariantGroup;
			children = (
				A3BCECE1207017AA00C28E6C /* Base */,
			);
			name = LaunchScreen.storyboard;
			sourceTree = "<group>";
		};
/* End PBXVariantGroup section */

/* Begin XCBuildConfiguration section */
		A3BCECFA207017AA00C28E6C /* Debug */ = {
			isa = XCBuildConfiguration;
			buildSettings = {
				ALWAYS_SEARCH_USER_PATHS = NO;
				CLANG_ANALYZER_NONNULL = YES;
				CLANG_ANALYZER_NUMBER_OBJECT_CONVERSION = YES_AGGRESSIVE;
				CLANG_CXX_LANGUAGE_STANDARD = "gnu++14";
				CLANG_CXX_LIBRARY = "libc++";
				CLANG_ENABLE_MODULES = YES;
				CLANG_ENABLE_OBJC_ARC = YES;
				CLANG_WARN_BLOCK_CAPTURE_AUTORELEASING = YES;
				CLANG_WARN_BOOL_CONVERSION = YES;
				CLANG_WARN_COMMA = YES;
				CLANG_WARN_CONSTANT_CONVERSION = YES;
				CLANG_WARN_DIRECT_OBJC_ISA_USAGE = YES_ERROR;
				CLANG_WARN_DOCUMENTATION_COMMENTS = YES;
				CLANG_WARN_EMPTY_BODY = YES;
				CLANG_WARN_ENUM_CONVERSION = YES;
				CLANG_WARN_INFINITE_RECURSION = YES;
				CLANG_WARN_INT_CONVERSION = YES;
				CLANG_WARN_NON_LITERAL_NULL_CONVERSION = YES;
				CLANG_WARN_OBJC_LITERAL_CONVERSION = YES;
				CLANG_WARN_OBJC_ROOT_CLASS = YES_ERROR;
				CLANG_WARN_RANGE_LOOP_ANALYSIS = YES;
				CLANG_WARN_STRICT_PROTOTYPES = YES;
				CLANG_WARN_SUSPICIOUS_MOVE = YES;
				CLANG_WARN_UNGUARDED_AVAILABILITY = YES_AGGRESSIVE;
				CLANG_WARN_UNREACHABLE_CODE = YES;
				CLANG_WARN__DUPLICATE_METHOD_MATCH = YES;
				CODE_SIGN_IDENTITY = "iPhone Developer";
				COPY_PHASE_STRIP = NO;
				DEBUG_INFORMATION_FORMAT = dwarf;
				ENABLE_STRICT_OBJC_MSGSEND = YES;
				ENABLE_TESTABILITY = YES;
				GCC_C_LANGUAGE_STANDARD = gnu11;
				GCC_DYNAMIC_NO_PIC = NO;
				GCC_NO_COMMON_BLOCKS = YES;
				GCC_OPTIMIZATION_LEVEL = 0;
				GCC_PREPROCESSOR_DEFINITIONS = (
					"DEBUG=1",
					"$(inherited)",
				);
				GCC_WARN_64_TO_32_BIT_CONVERSION = YES;
				GCC_WARN_ABOUT_RETURN_TYPE = YES_ERROR;
				GCC_WARN_UNDECLARED_SELECTOR = YES;
				GCC_WARN_UNINITIALIZED_AUTOS = YES_AGGRESSIVE;
				GCC_WARN_UNUSED_FUNCTION = YES;
				GCC_WARN_UNUSED_VARIABLE = YES;
				IPHONEOS_DEPLOYMENT_TARGET = 11.2;
				MTL_ENABLE_DEBUG_INFO = YES;
				ONLY_ACTIVE_ARCH = YES;
				SDKROOT = iphoneos;
				SWIFT_ACTIVE_COMPILATION_CONDITIONS = DEBUG;
				SWIFT_OPTIMIZATION_LEVEL = "-Onone";
			};
			name = Debug;
		};
		A3BCECFB207017AA00C28E6C /* Release */ = {
			isa = XCBuildConfiguration;
			buildSettings = {
				ALWAYS_SEARCH_USER_PATHS = NO;
				CLANG_ANALYZER_NONNULL = YES;
				CLANG_ANALYZER_NUMBER_OBJECT_CONVERSION = YES_AGGRESSIVE;
				CLANG_CXX_LANGUAGE_STANDARD = "gnu++14";
				CLANG_CXX_LIBRARY = "libc++";
				CLANG_ENABLE_MODULES = YES;
				CLANG_ENABLE_OBJC_ARC = YES;
				CLANG_WARN_BLOCK_CAPTURE_AUTORELEASING = YES;
				CLANG_WARN_BOOL_CONVERSION = YES;
				CLANG_WARN_COMMA = YES;
				CLANG_WARN_CONSTANT_CONVERSION = YES;
				CLANG_WARN_DIRECT_OBJC_ISA_USAGE = YES_ERROR;
				CLANG_WARN_DOCUMENTATION_COMMENTS = YES;
				CLANG_WARN_EMPTY_BODY = YES;
				CLANG_WARN_ENUM_CONVERSION = YES;
				CLANG_WARN_INFINITE_RECURSION = YES;
				CLANG_WARN_INT_CONVERSION = YES;
				CLANG_WARN_NON_LITERAL_NULL_CONVERSION = YES;
				CLANG_WARN_OBJC_LITERAL_CONVERSION = YES;
				CLANG_WARN_OBJC_ROOT_CLASS = YES_ERROR;
				CLANG_WARN_RANGE_LOOP_ANALYSIS = YES;
				CLANG_WARN_STRICT_PROTOTYPES = YES;
				CLANG_WARN_SUSPICIOUS_MOVE = YES;
				CLANG_WARN_UNGUARDED_AVAILABILITY = YES_AGGRESSIVE;
				CLANG_WARN_UNREACHABLE_CODE = YES;
				CLANG_WARN__DUPLICATE_METHOD_MATCH = YES;
				CODE_SIGN_IDENTITY = "iPhone Developer";
				COPY_PHASE_STRIP = NO;
				DEBUG_INFORMATION_FORMAT = "dwarf-with-dsym";
				ENABLE_NS_ASSERTIONS = NO;
				ENABLE_STRICT_OBJC_MSGSEND = YES;
				GCC_C_LANGUAGE_STANDARD = gnu11;
				GCC_NO_COMMON_BLOCKS = YES;
				GCC_WARN_64_TO_32_BIT_CONVERSION = YES;
				GCC_WARN_ABOUT_RETURN_TYPE = YES_ERROR;
				GCC_WARN_UNDECLARED_SELECTOR = YES;
				GCC_WARN_UNINITIALIZED_AUTOS = YES_AGGRESSIVE;
				GCC_WARN_UNUSED_FUNCTION = YES;
				GCC_WARN_UNUSED_VARIABLE = YES;
				IPHONEOS_DEPLOYMENT_TARGET = 11.2;
				MTL_ENABLE_DEBUG_INFO = NO;
				SDKROOT = iphoneos;
				SWIFT_OPTIMIZATION_LEVEL = "-Owholemodule";
				VALIDATE_PRODUCT = YES;
			};
			name = Release;
		};
		A3BCECFD207017AA00C28E6C /* Debug */ = {
			isa = XCBuildConfiguration;
			buildSettings = {
				ASSETCATALOG_COMPILER_APPICON_NAME = AppIcon;
				CLANG_ENABLE_MODULES = YES;
				CODE_SIGN_STYLE = Automatic;
				INFOPLIST_FILE = WordScribble/Info.plist;
				LD_RUNPATH_SEARCH_PATHS = "$(inherited) @executable_path/Frameworks";
				PRODUCT_BUNDLE_IDENTIFIER = com.zkayser.WordScribble;
				PRODUCT_NAME = "$(TARGET_NAME)";
				SWIFT_OPTIMIZATION_LEVEL = "-Onone";
				SWIFT_VERSION = 4.0;
				TARGETED_DEVICE_FAMILY = "1,2";
			};
			name = Debug;
		};
		A3BCECFE207017AA00C28E6C /* Release */ = {
			isa = XCBuildConfiguration;
			buildSettings = {
				ASSETCATALOG_COMPILER_APPICON_NAME = AppIcon;
				CLANG_ENABLE_MODULES = YES;
				CODE_SIGN_STYLE = Automatic;
				INFOPLIST_FILE = WordScribble/Info.plist;
				LD_RUNPATH_SEARCH_PATHS = "$(inherited) @executable_path/Frameworks";
				PRODUCT_BUNDLE_IDENTIFIER = com.zkayser.WordScribble;
				PRODUCT_NAME = "$(TARGET_NAME)";
				SWIFT_VERSION = 4.0;
				TARGETED_DEVICE_FAMILY = "1,2";
			};
			name = Release;
		};
		A3BCED00207017AA00C28E6C /* Debug */ = {
			isa = XCBuildConfiguration;
			buildSettings = {
				ALWAYS_EMBED_SWIFT_STANDARD_LIBRARIES = YES;
				BUNDLE_LOADER = "$(TEST_HOST)";
				CODE_SIGN_STYLE = Automatic;
				INFOPLIST_FILE = WordScribbleTests/Info.plist;
				LD_RUNPATH_SEARCH_PATHS = "$(inherited) @executable_path/Frameworks @loader_path/Frameworks";
				PRODUCT_BUNDLE_IDENTIFIER = com.zkayser.WordScribbleTests;
				PRODUCT_NAME = "$(TARGET_NAME)";
				SWIFT_VERSION = 4.0;
				TARGETED_DEVICE_FAMILY = "1,2";
				TEST_HOST = "$(BUILT_PRODUCTS_DIR)/WordScribble.app/WordScribble";
			};
			name = Debug;
		};
		A3BCED01207017AA00C28E6C /* Release */ = {
			isa = XCBuildConfiguration;
			buildSettings = {
				ALWAYS_EMBED_SWIFT_STANDARD_LIBRARIES = YES;
				BUNDLE_LOADER = "$(TEST_HOST)";
				CODE_SIGN_STYLE = Automatic;
				INFOPLIST_FILE = WordScribbleTests/Info.plist;
				LD_RUNPATH_SEARCH_PATHS = "$(inherited) @executable_path/Frameworks @loader_path/Frameworks";
				PRODUCT_BUNDLE_IDENTIFIER = com.zkayser.WordScribbleTests;
				PRODUCT_NAME = "$(TARGET_NAME)";
				SWIFT_VERSION = 4.0;
				TARGETED_DEVICE_FAMILY = "1,2";
				TEST_HOST = "$(BUILT_PRODUCTS_DIR)/WordScribble.app/WordScribble";
			};
			name = Release;
		};
		A3BCED03207017AA00C28E6C /* Debug */ = {
			isa = XCBuildConfiguration;
			buildSettings = {
				ALWAYS_EMBED_SWIFT_STANDARD_LIBRARIES = YES;
				CODE_SIGN_STYLE = Automatic;
				INFOPLIST_FILE = WordScribbleUITests/Info.plist;
				LD_RUNPATH_SEARCH_PATHS = "$(inherited) @executable_path/Frameworks @loader_path/Frameworks";
				PRODUCT_BUNDLE_IDENTIFIER = com.zkayser.WordScribbleUITests;
				PRODUCT_NAME = "$(TARGET_NAME)";
				SWIFT_VERSION = 4.0;
				TARGETED_DEVICE_FAMILY = "1,2";
				TEST_TARGET_NAME = WordScribble;
			};
			name = Debug;
		};
		A3BCED04207017AA00C28E6C /* Release */ = {
			isa = XCBuildConfiguration;
			buildSettings = {
				ALWAYS_EMBED_SWIFT_STANDARD_LIBRARIES = YES;
				CODE_SIGN_STYLE = Automatic;
				INFOPLIST_FILE = WordScribbleUITests/Info.plist;
				LD_RUNPATH_SEARCH_PATHS = "$(inherited) @executable_path/Frameworks @loader_path/Frameworks";
				PRODUCT_BUNDLE_IDENTIFIER = com.zkayser.WordScribbleUITests;
				PRODUCT_NAME = "$(TARGET_NAME)";
				SWIFT_VERSION = 4.0;
				TARGETED_DEVICE_FAMILY = "1,2";
				TEST_TARGET_NAME = WordScribble;
			};
			name = Release;
		};
/* End XCBuildConfiguration section */

/* Begin XCConfigurationList section */
		A3BCECCD207017AA00C28E6C /* Build configuration list for PBXProject "WordScribble" */ = {
			isa = XCConfigurationList;
			buildConfigurations = (
				A3BCECFA207017AA00C28E6C /* Debug */,
				A3BCECFB207017AA00C28E6C /* Release */,
			);
			defaultConfigurationIsVisible = 0;
			defaultConfigurationName = Release;
		};
		A3BCECFC207017AA00C28E6C /* Build configuration list for PBXNativeTarget "WordScribble" */ = {
			isa = XCConfigurationList;
			buildConfigurations = (
				A3BCECFD207017AA00C28E6C /* Debug */,
				A3BCECFE207017AA00C28E6C /* Release */,
			);
			defaultConfigurationIsVisible = 0;
			defaultConfigurationName = Release;
		};
		A3BCECFF207017AA00C28E6C /* Build configuration list for PBXNativeTarget "WordScribbleTests" */ = {
			isa = XCConfigurationList;
			buildConfigurations = (
				A3BCED00207017AA00C28E6C /* Debug */,
				A3BCED01207017AA00C28E6C /* Release */,
			);
			defaultConfigurationIsVisible = 0;
			defaultConfigurationName = Release;
		};
		A3BCED02207017AA00C28E6C /* Build configuration list for PBXNativeTarget "WordScribbleUITests" */ = {
			isa = XCConfigurationList;
			buildConfigurations = (
				A3BCED03207017AA00C28E6C /* Debug */,
				A3BCED04207017AA00C28E6C /* Release */,
			);
			defaultConfigurationIsVisible = 0;
			defaultConfigurationName = Release;
		};
/* End XCConfigurationList section */
	};
	rootObject = A3BCECCA207017AA00C28E6C /* Project object */;
}
